
Microsoft Visual Studio Solution File, Format Version 12.00
# Visual Studio 15
VisualStudioVersion = 15.0.28307.1972
MinimumVisualStudioVersion = 10.0.40219.1
Project("{FAE04EC0-301F-11D3-BF4B-00C04F79EFBC}") = "YangUI", "YangUI\YangUI.csproj", "{A3ADCFEB-F181-4EF6-9B13-D8CE5A6E1F74}"
EndProject
Project("{FAE04EC0-301F-11D3-BF4B-00C04F79EFBC}") = "YangUI.Demo", "YangUI.Demo\YangUI.Demo.csproj", "{FD0AE7A2-C881-4FCF-AFBB-68BE3A6A5915}"
EndProject
Global
	GlobalSection(SolutionConfigurationPlatforms) = preSolution
		Debug|Any CPU = Debug|Any CPU
		Release|Any CPU = Release|Any CPU
	EndGlobalSection
	GlobalSection(ProjectConfigurationPlatforms) = postSolution
		{A3ADCFEB-F181-4EF6-9B13-D8CE5A6E1F74}.Debug|Any CPU.ActiveCfg = Debug|Any CPU
		{A3ADCFEB-F181-4EF6-9B13-D8CE5A6E1F74}.Debug|Any CPU.Build.0 = Debug|Any CPU
		{A3ADCFEB-F181-4EF6-9B13-D8CE5A6E1F74}.Release|Any CPU.ActiveCfg = Release|Any CPU
		{A3ADCFEB-F181-4EF6-9B13-D8CE5A6E1F74}.Release|Any CPU.Build.0 = Release|Any CPU
		{FD0AE7A2-C881-4FCF-AFBB-68BE3A6A5915}.Debug|Any CPU.ActiveCfg = Debug|Any CPU
		{FD0AE7A2-C881-4FCF-AFBB-68BE3A6A5915}.Debug|Any CPU.Build.0 = Debug|Any CPU
		{FD0AE7A2-C881-4FCF-AFBB-68BE3A6A5915}.Release|Any CPU.ActiveCfg = Release|Any CPU
		{FD0AE7A2-C881-4FCF-AFBB-68BE3A6A5915}.Release|Any CPU.Build.0 = Release|Any CPU
	EndGlobalSection
	GlobalSection(SolutionProperties) = preSolution
		HideSolutionNode = FALSE
	EndGlobalSection
	GlobalSection(ExtensibilityGlobals) = postSolution
		SolutionGuid = {F6186FB1-4803-44DB-AF40-8D79D3573EF4}
	EndGlobalSection
EndGlobal
